// !$*UTF8*$!
{
	archiveVersion = 1;
	classes = {
	};
	objectVersion = 46;
	objects = {

/* Begin PBXBuildFile section */
		EF36E26B1CCD42BE00F05F64 /* AppDelegate.swift in Sources */ = {isa = PBXBuildFile; fileRef = EF36E26A1CCD42BE00F05F64 /* AppDelegate.swift */; };
		EF36E26D1CCD42BF00F05F64 /* ViewController.swift in Sources */ = {isa = PBXBuildFile; fileRef = EF36E26C1CCD42BF00F05F64 /* ViewController.swift */; };
		EF36E2701CCD42BF00F05F64 /* Main.storyboard in Resources */ = {isa = PBXBuildFile; fileRef = EF36E26E1CCD42BF00F05F64 /* Main.storyboard */; };
		EF36E2731CCD42BF00F05F64 /* QuinielaSwift.xcdatamodeld in Sources */ = {isa = PBXBuildFile; fileRef = EF36E2711CCD42BF00F05F64 /* QuinielaSwift.xcdatamodeld */; };
		EF36E2751CCD42BF00F05F64 /* Assets.xcassets in Resources */ = {isa = PBXBuildFile; fileRef = EF36E2741CCD42BF00F05F64 /* Assets.xcassets */; };
		EF36E2781CCD42BF00F05F64 /* LaunchScreen.storyboard in Resources */ = {isa = PBXBuildFile; fileRef = EF36E2761CCD42BF00F05F64 /* LaunchScreen.storyboard */; };
		EF36E2831CCD42BF00F05F64 /* QuinielaSwiftTests.swift in Sources */ = {isa = PBXBuildFile; fileRef = EF36E2821CCD42BF00F05F64 /* QuinielaSwiftTests.swift */; };
		EF36E28E1CCD42BF00F05F64 /* QuinielaSwiftUITests.swift in Sources */ = {isa = PBXBuildFile; fileRef = EF36E28D1CCD42BF00F05F64 /* QuinielaSwiftUITests.swift */; };
/* End PBXBuildFile section */

/* Begin PBXContainerItemProxy section */
		EF36E27F1CCD42BF00F05F64 /* PBXContainerItemProxy */ = {
			isa = PBXContainerItemProxy;
			containerPortal = EF36E25F1CCD42BE00F05F64 /* Project object */;
			proxyType = 1;
			remoteGlobalIDString = EF36E2661CCD42BE00F05F64;
			remoteInfo = QuinielaSwift;
		};
		EF36E28A1CCD42BF00F05F64 /* PBXContainerItemProxy */ = {
			isa = PBXContainerItemProxy;
			containerPortal = EF36E25F1CCD42BE00F05F64 /* Project object */;
			proxyType = 1;
			remoteGlobalIDString = EF36E2661CCD42BE00F05F64;
			remoteInfo = QuinielaSwift;
		};
/* End PBXContainerItemProxy section */

/* Begin PBXFileReference section */
		EF36E2671CCD42BE00F05F64 /* QuinielaSwift.app */ = {isa = PBXFileReference; explicitFileType = wrapper.application; includeInIndex = 0; path = QuinielaSwift.app; sourceTree = BUILT_PRODUCTS_DIR; };
		EF36E26A1CCD42BE00F05F64 /* AppDelegate.swift */ = {isa = PBXFileReference; lastKnownFileType = sourcecode.swift; path = AppDelegate.swift; sourceTree = "<group>"; };
		EF36E26C1CCD42BF00F05F64 /* ViewController.swift */ = {isa = PBXFileReference; lastKnownFileType = sourcecode.swift; path = ViewController.swift; sourceTree = "<group>"; };
		EF36E26F1CCD42BF00F05F64 /* Base */ = {isa = PBXFileReference; lastKnownFileType = file.storyboard; name = Base; path = Base.lproj/Main.storyboard; sourceTree = "<group>"; };
		EF36E2721CCD42BF00F05F64 /* QuinielaSwift.xcdatamodel */ = {isa = PBXFileReference; lastKnownFileType = wrapper.xcdatamodel; path = QuinielaSwift.xcdatamodel; sourceTree = "<group>"; };
		EF36E2741CCD42BF00F05F64 /* Assets.xcassets */ = {isa = PBXFileReference; lastKnownFileType = folder.assetcatalog; path = Assets.xcassets; sourceTree = "<group>"; };
		EF36E2771CCD42BF00F05F64 /* Base */ = {isa = PBXFileReference; lastKnownFileType = file.storyboard; name = Base; path = Base.lproj/LaunchScreen.storyboard; sourceTree = "<group>"; };
		EF36E2791CCD42BF00F05F64 /* Info.plist */ = {isa = PBXFileReference; lastKnownFileType = text.plist.xml; path = Info.plist; sourceTree = "<group>"; };
		EF36E27E1CCD42BF00F05F64 /* QuinielaSwiftTests.xctest */ = {isa = PBXFileReference; explicitFileType = wrapper.cfbundle; includeInIndex = 0; path = QuinielaSwiftTests.xctest; sourceTree = BUILT_PRODUCTS_DIR; };
		EF36E2821CCD42BF00F05F64 /* QuinielaSwiftTests.swift */ = {isa = PBXFileReference; lastKnownFileType = sourcecode.swift; path = QuinielaSwiftTests.swift; sourceTree = "<group>"; };
		EF36E2841CCD42BF00F05F64 /* Info.plist */ = {isa = PBXFileReference; lastKnownFileType = text.plist.xml; path = Info.plist; sourceTree = "<group>"; };
		EF36E2891CCD42BF00F05F64 /* QuinielaSwiftUITests.xctest */ = {isa = PBXFileReference; explicitFileType = wrapper.cfbundle; includeInIndex = 0; path = QuinielaSwiftUITests.xctest; sourceTree = BUILT_PRODUCTS_DIR; };
		EF36E28D1CCD42BF00F05F64 /* QuinielaSwiftUITests.swift */ = {isa = PBXFileReference; lastKnownFileType = sourcecode.swift; path = QuinielaSwiftUITests.swift; sourceTree = "<group>"; };
		EF36E28F1CCD42BF00F05F64 /* Info.plist */ = {isa = PBXFileReference; lastKnownFileType = text.plist.xml; path = Info.plist; sourceTree = "<group>"; };
/* End PBXFileReference section */

/* Begin PBXFrameworksBuildPhase section */
		EF36E2641CCD42BE00F05F64 /* Frameworks */ = {
			isa = PBXFrameworksBuildPhase;
			buildActionMask = 2147483647;
			files = (
			);
			runOnlyForDeploymentPostprocessing = 0;
		};
		EF36E27B1CCD42BF00F05F64 /* Frameworks */ = {
			isa = PBXFrameworksBuildPhase;
			buildActionMask = 2147483647;
			files = (
			);
			runOnlyForDeploymentPostprocessing = 0;
		};
		EF36E2861CCD42BF00F05F64 /* Frameworks */ = {
			isa = PBXFrameworksBuildPhase;
			buildActionMask = 2147483647;
			files = (
			);
			runOnlyForDeploymentPostprocessing = 0;
		};
/* End PBXFrameworksBuildPhase section */

/* Begin PBXGroup section */
		EF36E25E1CCD42BE00F05F64 = {
			isa = PBXGroup;
			children = (
				EF36E2691CCD42BE00F05F64 /* QuinielaSwift */,
				EF36E2811CCD42BF00F05F64 /* QuinielaSwiftTests */,
				EF36E28C1CCD42BF00F05F64 /* QuinielaSwiftUITests */,
				EF36E2681CCD42BE00F05F64 /* Products */,
			);
			sourceTree = "<group>";
		};
		EF36E2681CCD42BE00F05F64 /* Products */ = {
			isa = PBXGroup;
			children = (
				EF36E2671CCD42BE00F05F64 /* QuinielaSwift.app */,
				EF36E27E1CCD42BF00F05F64 /* QuinielaSwiftTests.xctest */,
				EF36E2891CCD42BF00F05F64 /* QuinielaSwiftUITests.xctest */,
			);
			name = Products;
			sourceTree = "<group>";
		};
		EF36E2691CCD42BE00F05F64 /* QuinielaSwift */ = {
			isa = PBXGroup;
			children = (
				EF36E26A1CCD42BE00F05F64 /* AppDelegate.swift */,
				EF36E26C1CCD42BF00F05F64 /* ViewController.swift */,
				EF36E26E1CCD42BF00F05F64 /* Main.storyboard */,
				EF36E2741CCD42BF00F05F64 /* Assets.xcassets */,
				EF36E2761CCD42BF00F05F64 /* LaunchScreen.storyboard */,
				EF36E2791CCD42BF00F05F64 /* Info.plist */,
				EF36E2711CCD42BF00F05F64 /* QuinielaSwift.xcdatamodeld */,
			);
			path = QuinielaSwift;
			sourceTree = "<group>";
		};
		EF36E2811CCD42BF00F05F64 /* QuinielaSwiftTests */ = {
			isa = PBXGroup;
			children = (
				EF36E2821CCD42BF00F05F64 /* QuinielaSwiftTests.swift */,
				EF36E2841CCD42BF00F05F64 /* Info.plist */,
			);
			path = QuinielaSwiftTests;
			sourceTree = "<group>";
		};
		EF36E28C1CCD42BF00F05F64 /* QuinielaSwiftUITests */ = {
			isa = PBXGroup;
			children = (
				EF36E28D1CCD42BF00F05F64 /* QuinielaSwiftUITests.swift */,
				EF36E28F1CCD42BF00F05F64 /* Info.plist */,
			);
			path = QuinielaSwiftUITests;
			sourceTree = "<group>";
		};
/* End PBXGroup section */

/* Begin PBXNativeTarget section */
		EF36E2661CCD42BE00F05F64 /* QuinielaSwift */ = {
			isa = PBXNativeTarget;
			buildConfigurationList = EF36E2921CCD42BF00F05F64 /* Build configuration list for PBXNativeTarget "QuinielaSwift" */;
			buildPhases = (
				EF36E2631CCD42BE00F05F64 /* Sources */,
				EF36E2641CCD42BE00F05F64 /* Frameworks */,
				EF36E2651CCD42BE00F05F64 /* Resources */,
			);
			buildRules = (
			);
			dependencies = (
			);
			name = QuinielaSwift;
			productName = QuinielaSwift;
			productReference = EF36E2671CCD42BE00F05F64 /* QuinielaSwift.app */;
			productType = "com.apple.product-type.application";
		};
		EF36E27D1CCD42BF00F05F64 /* QuinielaSwiftTests */ = {
			isa = PBXNativeTarget;
			buildConfigurationList = EF36E2951CCD42BF00F05F64 /* Build configuration list for PBXNativeTarget "QuinielaSwiftTests" */;
			buildPhases = (
				EF36E27A1CCD42BF00F05F64 /* Sources */,
				EF36E27B1CCD42BF00F05F64 /* Frameworks */,
				EF36E27C1CCD42BF00F05F64 /* Resources */,
			);
			buildRules = (
			);
			dependencies = (
				EF36E2801CCD42BF00F05F64 /* PBXTargetDependency */,
			);
			name = QuinielaSwiftTests;
			productName = QuinielaSwiftTests;
			productReference = EF36E27E1CCD42BF00F05F64 /* QuinielaSwiftTests.xctest */;
			productType = "com.apple.product-type.bundle.unit-test";
		};
		EF36E2881CCD42BF00F05F64 /* QuinielaSwiftUITests */ = {
			isa = PBXNativeTarget;
			buildConfigurationList = EF36E2981CCD42BF00F05F64 /* Build configuration list for PBXNativeTarget "QuinielaSwiftUITests" */;
			buildPhases = (
				EF36E2851CCD42BF00F05F64 /* Sources */,
				EF36E2861CCD42BF00F05F64 /* Frameworks */,
				EF36E2871CCD42BF00F05F64 /* Resources */,
			);
			buildRules = (
			);
			dependencies = (
				EF36E28B1CCD42BF00F05F64 /* PBXTargetDependency */,
			);
			name = QuinielaSwiftUITests;
			productName = QuinielaSwiftUITests;
			productReference = EF36E2891CCD42BF00F05F64 /* QuinielaSwiftUITests.xctest */;
			productType = "com.apple.product-type.bundle.ui-testing";
		};
/* End PBXNativeTarget section */

/* Begin PBXProject section */
		EF36E25F1CCD42BE00F05F64 /* Project object */ = {
			isa = PBXProject;
			attributes = {
				LastSwiftUpdateCheck = 0730;
				LastUpgradeCheck = 0730;
				ORGANIZATIONNAME = "Angel Alberto Rueda Mejia";
				TargetAttributes = {
					EF36E2661CCD42BE00F05F64 = {
						CreatedOnToolsVersion = 7.3;
					};
					EF36E27D1CCD42BF00F05F64 = {
						CreatedOnToolsVersion = 7.3;
						TestTargetID = EF36E2661CCD42BE00F05F64;
					};
					EF36E2881CCD42BF00F05F64 = {
						CreatedOnToolsVersion = 7.3;
						TestTargetID = EF36E2661CCD42BE00F05F64;
					};
				};
			};
			buildConfigurationList = EF36E2621CCD42BE00F05F64 /* Build configuration list for PBXProject "QuinielaSwift" */;
			compatibilityVersion = "Xcode 3.2";
			developmentRegion = English;
			hasScannedForEncodings = 0;
			knownRegions = (
				en,
				Base,
			);
			mainGroup = EF36E25E1CCD42BE00F05F64;
			productRefGroup = EF36E2681CCD42BE00F05F64 /* Products */;
			projectDirPath = "";
			projectRoot = "";
			targets = (
				EF36E2661CCD42BE00F05F64 /* QuinielaSwift */,
				EF36E27D1CCD42BF00F05F64 /* QuinielaSwiftTests */,
				EF36E2881CCD42BF00F05F64 /* QuinielaSwiftUITests */,
			);
		};
/* End PBXProject section */

/* Begin PBXResourcesBuildPhase section */
		EF36E2651CCD42BE00F05F64 /* Resources */ = {
			isa = PBXResourcesBuildPhase;
			buildActionMask = 2147483647;
			files = (
				EF36E2781CCD42BF00F05F64 /* LaunchScreen.storyboard in Resources */,
				EF36E2751CCD42BF00F05F64 /* Assets.xcassets in Resources */,
				EF36E2701CCD42BF00F05F64 /* Main.storyboard in Resources */,
			);
			runOnlyForDeploymentPostprocessing = 0;
		};
		EF36E27C1CCD42BF00F05F64 /* Resources */ = {
			isa = PBXResourcesBuildPhase;
			buildActionMask = 2147483647;
			files = (
			);
			runOnlyForDeploymentPostprocessing = 0;
		};
		EF36E2871CCD42BF00F05F64 /* Resources */ = {
			isa = PBXResourcesBuildPhase;
			buildActionMask = 2147483647;
			files = (
			);
			runOnlyForDeploymentPostprocessing = 0;
		};
/* End PBXResourcesBuildPhase section */

/* Begin PBXSourcesBuildPhase section */
		EF36E2631CCD42BE00F05F64 /* Sources */ = {
			isa = PBXSourcesBuildPhase;
			buildActionMask = 2147483647;
			files = (
				EF36E26D1CCD42BF00F05F64 /* ViewController.swift in Sources */,
				EF36E2731CCD42BF00F05F64 /* QuinielaSwift.xcdatamodeld in Sources */,
				EF36E26B1CCD42BE00F05F64 /* AppDelegate.swift in Sources */,
			);
			runOnlyForDeploymentPostprocessing = 0;
		};
		EF36E27A1CCD42BF00F05F64 /* Sources */ = {
			isa = PBXSourcesBuildPhase;
			buildActionMask = 2147483647;
			files = (
				EF36E2831CCD42BF00F05F64 /* QuinielaSwiftTests.swift in Sources */,
			);
			runOnlyForDeploymentPostprocessing = 0;
		};
		EF36E2851CCD42BF00F05F64 /* Sources */ = {
			isa = PBXSourcesBuildPhase;
			buildActionMask = 2147483647;
			files = (
				EF36E28E1CCD42BF00F05F64 /* QuinielaSwiftUITests.swift in Sources */,
			);
			runOnlyForDeploymentPostprocessing = 0;
		};
/* End PBXSourcesBuildPhase section */

/* Begin PBXTargetDependency section */
		EF36E2801CCD42BF00F05F64 /* PBXTargetDependency */ = {
			isa = PBXTargetDependency;
			target = EF36E2661CCD42BE00F05F64 /* QuinielaSwift */;
			targetProxy = EF36E27F1CCD42BF00F05F64 /* PBXContainerItemProxy */;
		};
		EF36E28B1CCD42BF00F05F64 /* PBXTargetDependency */ = {
			isa = PBXTargetDependency;
			target = EF36E2661CCD42BE00F05F64 /* QuinielaSwift */;
			targetProxy = EF36E28A1CCD42BF00F05F64 /* PBXContainerItemProxy */;
		};
/* End PBXTargetDependency section */

/* Begin PBXVariantGroup section */
		EF36E26E1CCD42BF00F05F64 /* Main.storyboard */ = {
			isa = PBXVariantGroup;
			children = (
				EF36E26F1CCD42BF00F05F64 /* Base */,
			);
			name = Main.storyboard;
			sourceTree = "<group>";
		};
		EF36E2761CCD42BF00F05F64 /* LaunchScreen.storyboard */ = {
			isa = PBXVariantGroup;
			children = (
				EF36E2771CCD42BF00F05F64 /* Base */,
			);
			name = LaunchScreen.storyboard;
			sourceTree = "<group>";
		};
/* End PBXVariantGroup section */

/* Begin XCBuildConfiguration section */
		EF36E2901CCD42BF00F05F64 /* Debug */ = {
			isa = XCBuildConfiguration;
			buildSettings = {
				ALWAYS_SEARCH_USER_PATHS = NO;
				CLANG_ANALYZER_NONNULL = YES;
				CLANG_CXX_LANGUAGE_STANDARD = "gnu++0x";
				CLANG_CXX_LIBRARY = "libc++";
				CLANG_ENABLE_MODULES = YES;
				CLANG_ENABLE_OBJC_ARC = YES;
				CLANG_WARN_BOOL_CONVERSION = YES;
				CLANG_WARN_CONSTANT_CONVERSION = YES;
				CLANG_WARN_DIRECT_OBJC_ISA_USAGE = YES_ERROR;
				CLANG_WARN_EMPTY_BODY = YES;
				CLANG_WARN_ENUM_CONVERSION = YES;
				CLANG_WARN_INT_CONVERSION = YES;
				CLANG_WARN_OBJC_ROOT_CLASS = YES_ERROR;
				CLANG_WARN_UNREACHABLE_CODE = YES;
				CLANG_WARN__DUPLICATE_METHOD_MATCH = YES;
				"CODE_SIGN_IDENTITY[sdk=iphoneos*]" = "iPhone Developer";
				COPY_PHASE_STRIP = NO;
				DEBUG_INFORMATION_FORMAT = dwarf;
				ENABLE_STRICT_OBJC_MSGSEND = YES;
				ENABLE_TESTABILITY = YES;
				GCC_C_LANGUAGE_STANDARD = gnu99;
				GCC_DYNAMIC_NO_PIC = NO;
				GCC_NO_COMMON_BLOCKS = YES;
				GCC_OPTIMIZATION_LEVEL = 0;
				GCC_PREPROCESSOR_DEFINITIONS = (
					"DEBUG=1",
					"$(inherited)",
				);
				GCC_WARN_64_TO_32_BIT_CONVERSION = YES;
				GCC_WARN_ABOUT_RETURN_TYPE = YES_ERROR;
				GCC_WARN_UNDECLARED_SELECTOR = YES;
				GCC_WARN_UNINITIALIZED_AUTOS = YES_AGGRESSIVE;
				GCC_WARN_UNUSED_FUNCTION = YES;
				GCC_WARN_UNUSED_VARIABLE = YES;
				IPHONEOS_DEPLOYMENT_TARGET = 9.3;
				MTL_ENABLE_DEBUG_INFO = YES;
				ONLY_ACTIVE_ARCH = YES;
				SDKROOT = iphoneos;
				SWIFT_OPTIMIZATION_LEVEL = "-Onone";
				TARGETED_DEVICE_FAMILY = "1,2";
			};
			name = Debug;
		};
		EF36E2911CCD42BF00F05F64 /* Release */ = {
			isa = XCBuildConfiguration;
			buildSettings = {
				ALWAYS_SEARCH_USER_PATHS = NO;
				CLANG_ANALYZER_NONNULL = YES;
				CLANG_CXX_LANGUAGE_STANDARD = "gnu++0x";
				CLANG_CXX_LIBRARY = "libc++";
				CLANG_ENABLE_MODULES = YES;
				CLANG_ENABLE_OBJC_ARC = YES;
				CLANG_WARN_BOOL_CONVERSION = YES;
				CLANG_WARN_CONSTANT_CONVERSION = YES;
				CLANG_WARN_DIRECT_OBJC_ISA_USAGE = YES_ERROR;
				CLANG_WARN_EMPTY_BODY = YES;
				CLANG_WARN_ENUM_CONVERSION = YES;
				CLANG_WARN_INT_CONVERSION = YES;
				CLANG_WARN_OBJC_ROOT_CLASS = YES_ERROR;
				CLANG_WARN_UNREACHABLE_CODE = YES;
				CLANG_WARN__DUPLICATE_METHOD_MATCH = YES;
				"CODE_SIGN_IDENTITY[sdk=iphoneos*]" = "iPhone Developer";
				COPY_PHASE_STRIP = NO;
				DEBUG_INFORMATION_FORMAT = "dwarf-with-dsym";
				ENABLE_NS_ASSERTIONS = NO;
				ENABLE_STRICT_OBJC_MSGSEND = YES;
				GCC_C_LANGUAGE_STANDARD = gnu99;
				GCC_NO_COMMON_BLOCKS = YES;
				GCC_WARN_64_TO_32_BIT_CONVERSION = YES;
				GCC_WARN_ABOUT_RETURN_TYPE = YES_ERROR;
				GCC_WARN_UNDECLARED_SELECTOR = YES;
				GCC_WARN_UNINITIALIZED_AUTOS = YES_AGGRESSIVE;
				GCC_WARN_UNUSED_FUNCTION = YES;
				GCC_WARN_UNUSED_VARIABLE = YES;
				IPHONEOS_DEPLOYMENT_TARGET = 9.3;
				MTL_ENABLE_DEBUG_INFO = NO;
				SDKROOT = iphoneos;
				TARGETED_DEVICE_FAMILY = "1,2";
				VALIDATE_PRODUCT = YES;
			};
			name = Release;
		};
		EF36E2931CCD42BF00F05F64 /* Debug */ = {
			isa = XCBuildConfiguration;
			buildSettings = {
				ASSETCATALOG_COMPILER_APPICON_NAME = AppIcon;
				INFOPLIST_FILE = QuinielaSwift/Info.plist;
				LD_RUNPATH_SEARCH_PATHS = "$(inherited) @executable_path/Frameworks";
				PRODUCT_BUNDLE_IDENTIFIER = rueda.angel.QuinielaSwift;
				PRODUCT_NAME = "$(TARGET_NAME)";
			};
			name = Debug;
		};
		EF36E2941CCD42BF00F05F64 /* Release */ = {
			isa = XCBuildConfiguration;
			buildSettings = {
				ASSETCATALOG_COMPILER_APPICON_NAME = AppIcon;
				INFOPLIST_FILE = QuinielaSwift/Info.plist;
				LD_RUNPATH_SEARCH_PATHS = "$(inherited) @executable_path/Frameworks";
				PRODUCT_BUNDLE_IDENTIFIER = rueda.angel.QuinielaSwift;
				PRODUCT_NAME = "$(TARGET_NAME)";
			};
			name = Release;
		};
		EF36E2961CCD42BF00F05F64 /* Debug */ = {
			isa = XCBuildConfiguration;
			buildSettings = {
				BUNDLE_LOADER = "$(TEST_HOST)";
				INFOPLIST_FILE = QuinielaSwiftTests/Info.plist;
				LD_RUNPATH_SEARCH_PATHS = "$(inherited) @executable_path/Frameworks @loader_path/Frameworks";
				PRODUCT_BUNDLE_IDENTIFIER = rueda.angel.QuinielaSwiftTests;
				PRODUCT_NAME = "$(TARGET_NAME)";
				TEST_HOST = "$(BUILT_PRODUCTS_DIR)/QuinielaSwift.app/QuinielaSwift";
			};
			name = Debug;
		};
		EF36E2971CCD42BF00F05F64 /* Release */ = {
			isa = XCBuildConfiguration;
			buildSettings = {
				BUNDLE_LOADER = "$(TEST_HOST)";
				INFOPLIST_FILE = QuinielaSwiftTests/Info.plist;
				LD_RUNPATH_SEARCH_PATHS = "$(inherited) @executable_path/Frameworks @loader_path/Frameworks";
				PRODUCT_BUNDLE_IDENTIFIER = rueda.angel.QuinielaSwiftTests;
				PRODUCT_NAME = "$(TARGET_NAME)";
				TEST_HOST = "$(BUILT_PRODUCTS_DIR)/QuinielaSwift.app/QuinielaSwift";
			};
			name = Release;
		};
		EF36E2991CCD42BF00F05F64 /* Debug */ = {
			isa = XCBuildConfiguration;
			buildSettings = {
				INFOPLIST_FILE = QuinielaSwiftUITests/Info.plist;
				LD_RUNPATH_SEARCH_PATHS = "$(inherited) @executable_path/Frameworks @loader_path/Frameworks";
				PRODUCT_BUNDLE_IDENTIFIER = rueda.angel.QuinielaSwiftUITests;
				PRODUCT_NAME = "$(TARGET_NAME)";
				TEST_TARGET_NAME = QuinielaSwift;
			};
			name = Debug;
		};
		EF36E29A1CCD42BF00F05F64 /* Release */ = {
			isa = XCBuildConfiguration;
			buildSettings = {
				INFOPLIST_FILE = QuinielaSwiftUITests/Info.plist;
				LD_RUNPATH_SEARCH_PATHS = "$(inherited) @executable_path/Frameworks @loader_path/Frameworks";
				PRODUCT_BUNDLE_IDENTIFIER = rueda.angel.QuinielaSwiftUITests;
				PRODUCT_NAME = "$(TARGET_NAME)";
				TEST_TARGET_NAME = QuinielaSwift;
			};
			name = Release;
		};
/* End XCBuildConfiguration section */

/* Begin XCConfigurationList section */
		EF36E2621CCD42BE00F05F64 /* Build configuration list for PBXProject "QuinielaSwift" */ = {
			isa = XCConfigurationList;
			buildConfigurations = (
				EF36E2901CCD42BF00F05F64 /* Debug */,
				EF36E2911CCD42BF00F05F64 /* Release */,
			);
			defaultConfigurationIsVisible = 0;
			defaultConfigurationName = Release;
		};
		EF36E2921CCD42BF00F05F64 /* Build configuration list for PBXNativeTarget "QuinielaSwift" */ = {
			isa = XCConfigurationList;
			buildConfigurations = (
				EF36E2931CCD42BF00F05F64 /* Debug */,
				EF36E2941CCD42BF00F05F64 /* Release */,
			);
			defaultConfigurationIsVisible = 0;
		};
		EF36E2951CCD42BF00F05F64 /* Build configuration list for PBXNativeTarget "QuinielaSwiftTests" */ = {
			isa = XCConfigurationList;
			buildConfigurations = (
				EF36E2961CCD42BF00F05F64 /* Debug */,
				EF36E2971CCD42BF00F05F64 /* Release */,
			);
			defaultConfigurationIsVisible = 0;
		};
		EF36E2981CCD42BF00F05F64 /* Build configuration list for PBXNativeTarget "QuinielaSwiftUITests" */ = {
			isa = XCConfigurationList;
			buildConfigurations = (
				EF36E2991CCD42BF00F05F64 /* Debug */,
				EF36E29A1CCD42BF00F05F64 /* Release */,
			);
			defaultConfigurationIsVisible = 0;
		};
/* End XCConfigurationList section */

/* Begin XCVersionGroup section */
		EF36E2711CCD42BF00F05F64 /* QuinielaSwift.xcdatamodeld */ = {
			isa = XCVersionGroup;
			children = (
				EF36E2721CCD42BF00F05F64 /* QuinielaSwift.xcdatamodel */,
			);
			currentVersion = EF36E2721CCD42BF00F05F64 /* QuinielaSwift.xcdatamodel */;
			path = QuinielaSwift.xcdatamodeld;
			sourceTree = "<group>";
			versionGroupType = wrapper.xcdatamodel;
		};
/* End XCVersionGroup section */
	};
	rootObject = EF36E25F1CCD42BE00F05F64 /* Project object */;
}
